{
    "_meta": {
        "hash": {
            "sha256": "96a493b315d52c7be56effbc4e6923007f7e2c8f418e680befc727aa565f35ce"
        },
        "pipfile-spec": 6,
        "requires": {
            "python_version": "3.6"
        },
        "sources": [
            {
                "name": "pypi",
                "url": "https://pypi.org/simple",
                "verify_ssl": true
            }
        ]
    },
    "default": {
        "absl-py": {
            "hashes": [
                "sha256:87519e3b91a3d573664c6e2ee33df582bb68dca6642ae3cf3a4361b1c0a4e9d6"
            ],
            "version": "==0.6.1"
        },
        "astor": {
            "hashes": [
                "sha256:95c30d87a6c2cf89aa628b87398466840f0ad8652f88eb173125a6df8533fb8d",
                "sha256:fb503b9e2fdd05609fbf557b916b4a7824171203701660f0c55bbf5a7a68713e"
            ],
            "version": "==0.7.1"
        },
        "essentia": {
            "hashes": [
                "sha256:13949c2e2391991ba615d0aee0f2b789107f78bf8c885c5ac6c4d46ca49f1d38",
                "sha256:30dcc065b0a02f0e2dd98a19063a87465676b9d4dcfdd697050dbcf36f3b9cd0",
                "sha256:527a59593e284eb6beb08405c7a9da0c25bab12bd9dd798229407e7e2801370e",
                "sha256:654eea3fc06f1291808d97a56f5e97e9b61e99d6705d72f739dcce8804b3940d",
                "sha256:94a955e2fede89c1afe4442ca0d0a45dd1a4c22b05d0131100d4624da9d85cd2",
                "sha256:b48b0ff1488347a6a43880aaafa75b020c85f65f1727c833666f713092e11460",
                "sha256:e41edb2d646b93f71db0384b5d1b15b0792054c130638ed69eb25f402670b8e4",
                "sha256:e55870af8a8f8ce6175090f9cf4b855e8e86b7016eb1a855334dbe6ef0898141",
                "sha256:eb730daf9ceb38f23d34c6cb9b6119a75b9efdf06f75dd2cbd23c112fa19bec0",
                "sha256:ec5c1360412a3443fe3ae89948a08f179015470b075ebb1771cbbb561a1f6ee8",
                "sha256:ef1db68810620210f706777b56c05bd5f8737cea9edd92cb6d70ec04c07c8692"
            ],
            "index": "pypi",
            "version": "==2.1b5.dev416"
        },
        "gast": {
            "hashes": [
                "sha256:7068908321ecd2774f145193c4b34a11305bd104b4551b09273dfd1d6a374930"
            ],
            "version": "==0.2.0"
        },
        "grpcio": {
            "hashes": [
                "sha256:18157794625c7f482c03920d7657f389cc25149ebdd565fbe586497b89a95049",
                "sha256:1a65e4b4573b5cb52dc4fa08f11919d56d50d9b6bd660f4894b55276133a0d95",
                "sha256:1fa868862ccf06cbe1e796075646362d1d381b162f5a7bab1bb3eb466da528b6",
                "sha256:38f536e5b5cbd883bc3d91c59c55f2cc73d676d63a98a55dcfac501d1e21bcb8",
                "sha256:4c5bca7064cdae993abae93f0dc85b3ca4d36216c31cc4c142c0362107ba805a",
                "sha256:5d1c65deb63faa18374673251c021e9e30267e904f1bf120fce7589f890ce640",
                "sha256:5ec5cb35e902266398a8878236f0ddfef6c23223eb8215e11807d85aedb7499e",
                "sha256:640ac2a4e7eee90bab7999f0e21baaf46a197b927d1a018eca9b28f3bad97878",
                "sha256:6455a39b4cebd4c8697ef6bc7aa5151b0d5a0118f0f3ee0dfd85450ee943807b",
                "sha256:64a13489ab494d14f36139003397683d67138998fcf12d17f7c304dcca19974e",
                "sha256:756e1df64a9a74817bd03ad4cb234f460c423163e88634af222efc27b37e7348",
                "sha256:77d4d6375f2134dbfcd10685fcd8218b1e947cba5bfe14b3c889c1537c69a1cd",
                "sha256:80fe53c0e66c24c0adadae065604d17099bcef745cf9523e95399c8965d434b5",
                "sha256:81dbdc612c4a44e8fc882a93766f770b1b0c61cc70eaa40a5c23cdb07db6bd99",
                "sha256:88a0abf0055b60336058bdc701d7b55db6111f94d4a7614c7e7456e92a60c485",
                "sha256:8e7d93f6f9c01640d25355cb916197fd7c0ee7d29cdb0fe0ec8a3e0eff6ed158",
                "sha256:9715c6d28e9bba3cd5d04102f50c05b425c52749a5d7b4a8e63335d43059a3e8",
                "sha256:9a336002a32715002939d8fd38f5839d36c3154190192769ad0a4cca08b21eab",
                "sha256:9edaa8b7d100128443787f617ad668152d9c41cc4d6e724fa21a723b7f4c91a9",
                "sha256:a269f6deb6739fce39bf78528752548f6a8503cf405624bb5a181b3de14eb864",
                "sha256:a2859c2ab94d03e163d4a51417cf29d49e82679a6493cb49d46ea0a000d5b6da",
                "sha256:b2a5582d394885fcdc0c590c5539059fdea29f0c5fb32219bf74c20f8f3972b0",
                "sha256:b2c2a6c85a6a4e958ec402cd14938cb5ae94a2e5f80dfcf42c0e921dc29415bc",
                "sha256:b62f2dcf6480f08e8a1468b4cf65176d4a158714f81714792e0a55e722aa6298",
                "sha256:be291805ee2660f061802d5e966c3a2b4acc2d196a8974fab345816877190b53",
                "sha256:c00004e3fbcd7d1b293f8443f32e0005ca43afc57f7daf4b042269492597af10",
                "sha256:c3307246b1cfc7a7085db9c8adb71508c7b1dd99340df63ad33340acefeb56e3",
                "sha256:c534d70cb692fd3205ff7c8785c22bc588eb9db8ba3ad68a7bb196e3062c64ad",
                "sha256:c790b256e6c7388f01ed90ecd34c52cc36a41eb59b8cb4b1dcec5890f5e29bbe",
                "sha256:e06fd3de868ec33015f0216fa5c9da1b09ffc8391a216a3fb855e350713233f6",
                "sha256:e0d5d202531285ea5595ca5e2a5341b571449af6beb1e7c1d3bf206dce406dd0",
                "sha256:e558adb4454fd792936b1471246bf2899a2cb769231b87d70f1846d6ede967c1"
            ],
            "version": "==1.17.0rc1"
        },
        "markdown": {
            "hashes": [
                "sha256:c00429bd503a47ec88d5e30a751e147dcb4c6889663cd3e2ba0afe858e009baa",
                "sha256:d02e0f9b04c500cde6637c11ad7c72671f359b87b9fe924b2383649d8841db7c"
            ],
            "version": "==3.0.1"
        },
        "numpy": {
            "hashes": [
                "sha256:0df89ca13c25eaa1621a3f09af4c8ba20da849692dcae184cb55e80952c453fb",
                "sha256:154c35f195fd3e1fad2569930ca51907057ae35e03938f89a8aedae91dd1b7c7",
                "sha256:18e84323cdb8de3325e741a7a8dd4a82db74fde363dce32b625324c7b32aa6d7",
                "sha256:1e8956c37fc138d65ded2d96ab3949bd49038cc6e8a4494b1515b0ba88c91565",
                "sha256:23557bdbca3ccbde3abaa12a6e82299bc92d2b9139011f8c16ca1bb8c75d1e95",
                "sha256:24fd645a5e5d224aa6e39d93e4a722fafa9160154f296fd5ef9580191c755053",
                "sha256:36e36b6868e4440760d4b9b44587ea1dc1f06532858d10abba98e851e154ca70",
                "sha256:3d734559db35aa3697dadcea492a423118c5c55d176da2f3be9c98d4803fc2a7",
                "sha256:416a2070acf3a2b5d586f9a6507bb97e33574df5bd7508ea970bbf4fc563fa52",
                "sha256:4a22dc3f5221a644dfe4a63bf990052cc674ef12a157b1056969079985c92816",
                "sha256:4d8d3e5aa6087490912c14a3c10fbdd380b40b421c13920ff468163bc50e016f",
                "sha256:4f41fd159fba1245e1958a99d349df49c616b133636e0cf668f169bce2aeac2d",
                "sha256:561ef098c50f91fbac2cc9305b68c915e9eb915a74d9038ecf8af274d748f76f",
                "sha256:56994e14b386b5c0a9b875a76d22d707b315fa037affc7819cda08b6d0489756",
                "sha256:73a1f2a529604c50c262179fcca59c87a05ff4614fe8a15c186934d84d09d9a5",
                "sha256:7da99445fd890206bfcc7419f79871ba8e73d9d9e6b82fe09980bc5bb4efc35f",
                "sha256:99d59e0bcadac4aa3280616591fb7bcd560e2218f5e31d5223a2e12a1425d495",
                "sha256:a4cc09489843c70b22e8373ca3dfa52b3fab778b57cf81462f1203b0852e95e3",
                "sha256:a61dc29cfca9831a03442a21d4b5fd77e3067beca4b5f81f1a89a04a71cf93fa",
                "sha256:b1853df739b32fa913cc59ad9137caa9cc3d97ff871e2bbd89c2a2a1d4a69451",
                "sha256:b1f44c335532c0581b77491b7715a871d0dd72e97487ac0f57337ccf3ab3469b",
                "sha256:b261e0cb0d6faa8fd6863af26d30351fd2ffdb15b82e51e81e96b9e9e2e7ba16",
                "sha256:c857ae5dba375ea26a6228f98c195fec0898a0fd91bcf0e8a0cae6d9faf3eca7",
                "sha256:cf5bb4a7d53a71bb6a0144d31df784a973b36d8687d615ef6a7e9b1809917a9b",
                "sha256:db9814ff0457b46f2e1d494c1efa4111ca089e08c8b983635ebffb9c1573361f",
                "sha256:df04f4bad8a359daa2ff74f8108ea051670cafbca533bb2636c58b16e962989e",
                "sha256:ecf81720934a0e18526177e645cbd6a8a21bb0ddc887ff9738de07a1df5c6b61",
                "sha256:edfa6fba9157e0e3be0f40168eb142511012683ac3dc82420bee4a3f3981b30e"
            ],
            "index": "pypi",
            "version": "==1.15.4"
        },
        "pandas": {
            "hashes": [
                "sha256:11975fad9edbdb55f1a560d96f91830e83e29bed6ad5ebf506abda09818eaf60",
                "sha256:12e13d127ca1b585dd6f6840d3fe3fa6e46c36a6afe2dbc5cb0b57032c902e31",
                "sha256:1c87fcb201e1e06f66e23a61a5fea9eeebfe7204a66d99df24600e3f05168051",
                "sha256:242e9900de758e137304ad4b5663c2eff0d798c2c3b891250bd0bd97144579da",
                "sha256:26c903d0ae1542890cb9abadb4adcb18f356b14c2df46e4ff657ae640e3ac9e7",
                "sha256:2e1e88f9d3e5f107b65b59cd29f141995597b035d17cc5537e58142038942e1a",
                "sha256:31b7a48b344c14691a8e92765d4023f88902ba3e96e2e4d0364d3453cdfd50db",
                "sha256:4fd07a932b4352f8a8973761ab4e84f965bf81cc750fb38e04f01088ab901cb8",
                "sha256:5b24ca47acf69222e82530e89111dd9d14f9b970ab2cd3a1c2c78f0c4fbba4f4",
                "sha256:647b3b916cc8f6aeba240c8171be3ab799c3c1b2ea179a3be0bd2712c4237553",
                "sha256:66b060946046ca27c0e03e9bec9bba3e0b918bafff84c425ca2cc2e157ce121e",
                "sha256:6efa9fa6e1434141df8872d0fa4226fc301b17aacf37429193f9d70b426ea28f",
                "sha256:be4715c9d8367e51dbe6bc6d05e205b1ae234f0dc5465931014aa1c4af44c1ba",
                "sha256:bea90da782d8e945fccfc958585210d23de374fa9294a9481ed2abcef637ebfc",
                "sha256:d318d77ab96f66a59e792a481e2701fba879e1a453aefeebdb17444fe204d1ed",
                "sha256:d785fc08d6f4207437e900ffead930a61e634c5e4f980ba6d3dc03c9581748c7",
                "sha256:de9559287c4fe8da56e8c3878d2374abc19d1ba2b807bfa7553e912a8e5ba87c",
                "sha256:f4f98b190bb918ac0bc0e3dd2ab74ff3573da9f43106f6dba6385406912ec00f",
                "sha256:f71f1a7e2d03758f6e957896ed696254e2bc83110ddbc6942018f1a232dd9dad",
                "sha256:fb944c8f0b0ab5c1f7846c686bc4cdf8cde7224655c12edcd59d5212cd57bec0"
            ],
            "index": "pypi",
            "version": "==0.23.4"
        },
        "protobuf": {
            "hashes": [
                "sha256:10394a4d03af7060fa8a6e1cbf38cea44be1467053b0aea5bbfcb4b13c4b88c4",
                "sha256:1489b376b0f364bcc6f89519718c057eb191d7ad6f1b395ffd93d1aa45587811",
                "sha256:1931d8efce896981fe410c802fd66df14f9f429c32a72dd9cfeeac9815ec6444",
                "sha256:196d3a80f93c537f27d2a19a4fafb826fb4c331b0b99110f985119391d170f96",
                "sha256:46e34fdcc2b1f2620172d3a4885128705a4e658b9b62355ae5e98f9ea19f42c2",
                "sha256:4b92e235a3afd42e7493b281c8b80c0c65cbef45de30f43d571d1ee40a1f77ef",
                "sha256:574085a33ca0d2c67433e5f3e9a0965c487410d6cb3406c83bdaf549bfc2992e",
                "sha256:59cd75ded98094d3cf2d79e84cdb38a46e33e7441b2826f3838dcc7c07f82995",
                "sha256:5ee0522eed6680bb5bac5b6d738f7b0923b3cafce8c4b1a039a6107f0841d7ed",
                "sha256:65917cfd5da9dfc993d5684643063318a2e875f798047911a9dd71ca066641c9",
                "sha256:685bc4ec61a50f7360c9fd18e277b65db90105adbf9c79938bd315435e526b90",
                "sha256:92e8418976e52201364a3174e40dc31f5fd8c147186d72380cbda54e0464ee19",
                "sha256:9335f79d1940dfb9bcaf8ec881fb8ab47d7a2c721fb8b02949aab8bbf8b68625",
                "sha256:a7ee3bb6de78185e5411487bef8bc1c59ebd97e47713cba3c460ef44e99b3db9",
                "sha256:ceec283da2323e2431c49de58f80e1718986b79be59c266bb0509cbf90ca5b9e",
                "sha256:fcfc907746ec22716f05ea96b7f41597dfe1a1c088f861efb8a0d4f4196a6f10"
            ],
            "version": "==3.6.1"
        },
        "python-dateutil": {
            "hashes": [
                "sha256:063df5763652e21de43de7d9e00ccf239f953a832941e37be541614732cdfc93",
                "sha256:88f9287c0174266bb0d8cedd395cfba9c58e87e5ad86b2ce58859bc11be3cf02"
            ],
            "version": "==2.7.5"
        },
        "pytz": {
            "hashes": [
                "sha256:31cb35c89bd7d333cd32c5f278fca91b523b0834369e757f4c5641ea252236ca",
                "sha256:8e0f8568c118d3077b46be7d654cc8167fa916092e28320cde048e54bfc9f1e6"
            ],
            "version": "==2018.7"
        },
        "pyyaml": {
            "hashes": [
                "sha256:254bf6fda2b7c651837acb2c718e213df29d531eebf00edb54743d10bcb694eb",
                "sha256:3108529b78577327d15eec243f0ff348a0640b0c3478d67ad7f5648f93bac3e2",
                "sha256:3c17fb92c8ba2f525e4b5f7941d850e7a48c3a59b32d331e2502a3cdc6648e76",
                "sha256:8d6d96001aa7f0a6a4a95e8143225b5d06e41b1131044913fecb8f85a125714b",
                "sha256:c8a88edd93ee29ede719080b2be6cb2333dfee1dccba213b422a9c8e97f2967b"
            ],
            "version": "==4.2b4"
        },
        "scikit-learn": {
            "hashes": [
                "sha256:1ccbc5d9bdd933f3f75a3e8f0a60eac764388be84cee9e66bfd51d16992996f0",
                "sha256:3281dd405f15f8647e617062003b229b29dd74e966bfd1c033be720897402c54",
                "sha256:40c8f8f2e72dabb183820c7d77caa7b826d87d919056a02507c941f0e583c83e",
                "sha256:48cef3af610f83460a4419de6c77757fc3b687da4ad39aedcbe3a92c6714b0ae",
                "sha256:5d801633c69e67f215c1b796a7040ba33e2c6b3bab3d335c2caeca8a24679081",
                "sha256:635978ca918da035a60e20d390273803417a1fc691290e93d9d5852a016a2bc3",
                "sha256:68df1b389647f300f6f93535b0eb94efacbf5e670982c1936885e7981409dd3f",
                "sha256:6aa8b434de69c2507ee2bb874642f7bbfedb0a96c234a9129b8957e109d3bd47",
                "sha256:7c4569c7ca504db5cd1f4d8dfca6500bbf6f1d0e25618831f25d9f9ab8b4e33d",
                "sha256:82743bf812380ed767a9c3c263a8f0d76e7af93abd2404ee199bf46e57e56f4f",
                "sha256:8d15d61d2b6324d99f135cb8ef95d1475367a4ebb3b9a1fc0f5b53a16c21974a",
                "sha256:95f892fa68105f6bcce0f206262d3810924f3865abd93927eb41949adb50e538",
                "sha256:9ebea27859a26c97ef33b6d07dc36190890a1ca4988eac317544a61001b90e92",
                "sha256:9ee7e147fcb7355ea646916f13eacb71f89c90ccbf9b067078f14c4675cc0003",
                "sha256:aae03d8e640e2cd58471add3759f2002c1d726548f53a70840a7b6f330210bc2",
                "sha256:b8891cd8489aa622f2789a4a48b8e99e068bfef00653ae907a8fc89ee6c54682",
                "sha256:c1fd93ba6b684c3624a7f9b8e5afc6c78bc381fd2607504860c0367a7055994d",
                "sha256:c2a1ce4e405ab61857c4dba89aa997522a9098e4cbc383fa95805ae6be8c772e",
                "sha256:c8482ff66457a1b148973240c0eaa0456b62b8b8e5e26615f7f00ba08cc5c132",
                "sha256:cb439dc1d8ee60f441594db1a12543c4e91260cd548b7ad9bc58bff3916f8dde",
                "sha256:cc723aa0de67f0398821e3961ce0dcad32f276564c6fff2fc6061cc885a89c9e",
                "sha256:cfb3ffdc7098b7328b120bc5819d81045c59e0392e7221441b0ac50ed7853a73",
                "sha256:e045a5445e772cafe4fee5b3954947af7984a3057dcac0407ec55e8bab91bbee",
                "sha256:e45a49f3bd713540b5607b77e8fc7057a289a795c5fe182333b286a4d3e0338b",
                "sha256:e8010c4fe8f1d3625c27a89625b35906869651094b5ef5a0b22cd8514501d7d8",
                "sha256:f231c2d0e397309ef18b62a8adfe914de38e335c6f8fc06a3655d5ae8b524d69",
                "sha256:fa1869c18fef812e321b9ed875519daefb3a7ea016ba1392526d231a7994e81c",
                "sha256:fc4d3cff012c1aa2459e5745cdd3df31a30e2ff27dcbfadf1999e16dd8497a6e"
            ],
            "version": "==0.20.1"
        },
        "scikit-multilearn": {
            "hashes": [
                "sha256:6df34e7cffcff9b42a2f28fe097e915d05690f35976e9c3e9b00d4bb5e8461bd",
                "sha256:88651c2be69e403bbb7d7d6b9ee1e0bafcc7c5e96af31aa9d1bc580318932fe7",
                "sha256:f9e5efb28f6119a7ceb1c84a6b72960a00d59705cf5e1f258643b4c3d1cd0e24"
            ],
            "index": "pypi",
            "version": "==0.1.0"
        },
        "scipy": {
            "hashes": [
                "sha256:00dcb606101fa10951ee235af69dbff55d999b01c9bb2bc0f64df5fc3aff4eb6",
                "sha256:073560d6598b97b8f214a31856a1d43c96701b46c5cc9805789f962c3b8a0e97",
                "sha256:13b234b4fbda1368474a667fc29e8365b622c4c607ed490f00643625c8f50cca",
                "sha256:213cfc35ec2fbf86c5957d1ada99a1fe1eacccdb498d4790089af9cf50cadab4",
                "sha256:254ea2f7f3c5afef9f02c0192d2dbd8f5336c1b1c53efae7ef64a8880cccc299",
                "sha256:287e46f87399eb9897c726c6d358c893f6c769300599bc5da95cbf3397a00aa7",
                "sha256:38857eb49f7e38d3ec079772225a79235d0bd847e24d2fa8c9a9fa70ee69f0a2",
                "sha256:4024aea96a01ca05af701f93fd227a7f646258116903899a75b1f4a1f0134bf8",
                "sha256:4e205e0e5e88fe2105c594a706ac9fa558fe7a4daa2bef2c86b343ab507d8bd6",
                "sha256:600cf596b83f185dca3455d03ca802de0b4de98cb4c8d041226089d78d04c2bc",
                "sha256:7116d193da4baca6f7cd1cd7810548fa03ed4a06e05f325978b2f0018b05ead9",
                "sha256:77b7ed8e13f03a843d2f11bd140f224abe62fb56656f35348578e3838ff4d528",
                "sha256:8b8841e03620d4d704f4efd3daed575e23a6272ae9c9be2c4cc751febee984f7",
                "sha256:8f62fc6ac6b842d7c3c499269150ec81d26a0dea5ce818aef3b0e9e14e53c5c7",
                "sha256:96f6c69b2d8f63dad5612385521d0cf8b62f665a62f56b6b3d3fb7042a63c34c",
                "sha256:98786b516d1955592f921c2b36505840ff921c9e82f5c28a6c2a580fb3e96af1",
                "sha256:9b9950278f36c4e7779148cc9a719d41a305024c70005f994412845172ade346",
                "sha256:9cd3fe767225b0dcfcc9f09ed18288b51c29b35ca16dc4e5a6f3587b4ac7d7b5",
                "sha256:a3282027743e89d5fcb6cd7a9e4ecdbbde61bf8126fd19683e97b69f5f6a2163",
                "sha256:b04fb8ba796198d83614138d7f96e88791d83f5f4e31e628cce51fda1a092f66",
                "sha256:c34e4ce9a8c62c85f322d7897a257a839a4bb7fd94e08701044e9b1cc1bb15a6",
                "sha256:c8a2fc15c64f1b162b02f86d28153b65f64720ca64e832bcf5bfae060a507949",
                "sha256:ca9ba36bb271dcb4273e330c0bd418a1c3566ff76248dd634efecbe0e9c1721c",
                "sha256:cb7f4c289c06514c6e224263868a98d5e6aa6e8a90f2304b16ff276aa96030ce",
                "sha256:d449832419df3e37a3942778b46c140fd61d1e4f38f9e34bed278a77aacdbd31",
                "sha256:dcaeed34e7e965e935ba252fd3290c04cafb7d84f6f44c9c08269504aa2e0a05",
                "sha256:e57f3e3eaa88cd7bc93466122fca48c36863e03aeb24f9d570a2e6b2ea3cbf92",
                "sha256:eccd0e6d321585b6e2ee18fa0ee1db4fe042e52fb4ae8e28a3d223df6bcd6a8e"
            ],
            "version": "==1.2.0rc1"
        },
        "six": {
            "hashes": [
                "sha256:70e8a77beed4562e7f14fe23a786b54f6296e34344c23bc42f07b15018ff98e9",
                "sha256:832dc0e10feb1aa2c68dcc57dbb658f1c7e65b9b61af69048abc87a2db00a0eb"
            ],
            "version": "==1.11.0"
        },
        "sklearn": {
            "hashes": [
                "sha256:e23001573aa194b834122d2b9562459bf5ae494a2d59ca6b8aa22c85a44c0e31"
            ],
            "index": "pypi",
            "version": "==0.0"
        },
        "tensorboard": {
            "hashes": [
                "sha256:42a04637a636e16054b065907c81396b83a9702948ecd14218f19dc5cf85de98",
                "sha256:97661706fbe857c372405e0f5bd7c3db2197b5e70cec88f6924b726fde65c2c1"
            ],
            "version": "==1.9.0"
        },
        "tensorflow": {
            "hashes": [
                "sha256:01fca4d85855131c874cff811e0786f240e7270d5dfa699883bde60f550752b6",
                "sha256:22d71e13947b85ca8fb625db4d7094c68ebc014fee911db9d658205965268980",
                "sha256:393de695264357de6505a7dc86c7787b6caf0c1ec54830fe8dad105d090fd6a2",
                "sha256:3e8b783966a02d83027a92c3c55083ad8d8a0ddf4ad920f40ffaae107be79c78",
                "sha256:42cc87627c3b0f2d60776412eaaea3aa0856650a77f94bec841535908f77ee45",
                "sha256:51aa006ce0c7cbca3381e05bc7658f59cfec90a11480f2d35afd342cef8294d8",
                "sha256:7486408e0ce0381edc2935c3cdbc4052d7a5e8c36083c058ffa013ac6047bb24",
                "sha256:7d90a57373501b3fae0a109f5e5176883ec5417a43868970564b84ae9e64709d",
                "sha256:9215db0fa590a2da6a08d6c7ca41d940727c40332c80c968f1459470d6bf8873",
                "sha256:c6c8ec1b5a30e1fccebc4ddbee18b6df2bbaf3cf128ee086bc538738c1b3b9be",
                "sha256:cd83f4a50c0eaf18526e4e56e519c3593d998d1d213df161bbc78fffdd097cb8",
                "sha256:d351f7db08b8de322536c5886fada3e37feae809bfd37368050f9eeea544b87e"
            ],
            "index": "pypi",
            "version": "==1.9.0"
        },
        "termcolor": {
            "hashes": [
                "sha256:1d6d69ce66211143803fbc56652b41d73b4a400a2891d7bf7a1cdf4c02de613b"
            ],
            "version": "==1.1.0"
        },
        "werkzeug": {
            "hashes": [
                "sha256:c3fd7a7d41976d9f44db327260e263132466836cef6f91512889ed60ad26557c",
                "sha256:d5da73735293558eb1651ee2fddc4d0dedcfa06538b8813a2e20011583c9e49b"
            ],
            "version": "==0.14.1"
        },
        "wheel": {
            "hashes": [
                "sha256:029703bf514e16c8271c3821806a1c171220cc5bdd325cbf4e7da1e056a01db6",
                "sha256:1e53cdb3f808d5ccd0df57f964263752aa74ea7359526d3da6c02114ec1e1d44"
            ],
            "markers": "python_version >= '3'",
            "version": "==0.32.3"
        }
    },
    "develop": {}
}
